lockfileVersion: '9.0'

settings:
  autoInstallPeers: true
  excludeLinksFromLockfile: false

importers:

  .:
    dependencies:
      '@stoqey/ib':
        specifier: ^1.6.3
        version: 1.6.10(rxjs@7.8.2)
      lightweight-charts:
        specifier: ^5.0.0
        version: 5.2.1

packages:

  '@stoqey/ib@1.6.10':
    resolution: {integrity: sha512-+80su9tqh/BTtIhEkm+6BKHS6O2QwwqsYrKdSptnuE4oE8zVcb5HbRnav+RwIivzeHD5MPi1cw37A65hhGox9Q==}
    engines: {node: '>=18.0.0'}
    peerDependencies:
      rxjs: '>=7.0.0 <8'

  colors@1.4.0:
    resolution: {integrity: sha512-a+UqTh4kgZg/SlGvfbzDHpgRu7AAQOmmqRHJnxhRZICKFUT91brVhNNt58CMWU9PsBbv3PDCZUHbVxuDiH2mtA==}
    engines: {node: '>=0.1.90'}

  command-buffer@0.1.0:
    resolution: {integrity: sha512-HgU3HdxE1rQ0MWi+LM8AxTubzW1+r5EoPGy/V5XsqNFsZpU6phHLKBee+qRhEr2tMpNaWbqq2PyRF7ZsTlrIKQ==}

  dotenv@17.4.2:
    resolution: {integrity: sha512-nI4U3TottKAcAD9LLud4Cb7b2QztQMUEfHbvhTH09bqXTxnSie8WnjPALV/WMCrJZ6UV/qHJ6L03OqO3LcdYZw==}
    engines: {node: '>=12'}

  eventemitter3@5.0.4:
    resolution: {integrity: sha512-mlsTRyGaPBjPedk6Bvw+aqbsXDtoAyAzm5MO7JgU+yVRyMQ5O8bD4Kcci7BS85f93veegeCPkL8R4GLClnjLFw==}

  fancy-canvas@2.1.0:
    resolution: {integrity: sha512-nifxXJ95JNLFR2NgRV4/MxVP45G9909wJTEKz5fg/TZS20JJZA6hfgRVh/bC9bwl2zBtBNcYPjiBE4njQHVBwQ==}

  function-rate-limit@1.1.0:
    resolution: {integrity: sha512-XNFOWy3kSz+96MeBCDUMmsLMSb7SmkAIfnhOsPRPz9V2Dx2agNmqjT//3QvXOgIH7FcGPfXMj8peajKHYuQ/Sw==}

  lightweight-charts@5.2.1:
    resolution: {integrity: sha512-IVwoK1RLFiLPubaKIjNbtjWLnpPMqiABSrTay6whmNa8L1+19292VtHJ+BWyPUuLCwF0tcQlhEWd1CLB2a1nsQ==}

  rxjs@7.8.2:
    resolution: {integrity: sha512-dhKf903U/PQZY6boNNtAGdWbG85WAbjT/1xYoZIC7FAY0yWapOBQVsVrDl58W86//e1VpMNBtRV4MaXfdMySFA==}

  tslib@2.8.1:
    resolution: {integrity: sha512-oJFu94HQb+KVduSUQL7wnpmqnfmLsOA/nAh6b6EH0wCEoK0/mPeXU6c3wKDV83MkOuHPRHtSXKKU99IBazS/2w==}

snapshots:

  '@stoqey/ib@1.6.10(rxjs@7.8.2)':
    dependencies:
      colors: 1.4.0
      command-buffer: 0.1.0
      dotenv: 17.4.2
      eventemitter3: 5.0.4
      function-rate-limit: 1.1.0
      rxjs: 7.8.2

  colors@1.4.0: {}

  command-buffer@0.1.0: {}

  dotenv@17.4.2: {}

  eventemitter3@5.0.4: {}

  fancy-canvas@2.1.0: {}

  function-rate-limit@1.1.0: {}

  lightweight-charts@5.2.1:
    dependencies:
      fancy-canvas: 2.1.0

  rxjs@7.8.2:
    dependencies:
      tslib: 2.8.1

  tslib@2.8.1: {}
